
Microsoft Visual Studio Solution File, Format Version 12.00
# Visual Studio Version 16
VisualStudioVersion = 16.0.31729.503
MinimumVisualStudioVersion = 10.0.40219.1
Project("{FAE04EC0-301F-11D3-BF4B-00C04F79EFBC}") = "KolekcijaList", "KolekcijaList\KolekcijaList.csproj", "{B73BCB43-CA0D-44C2-AA1B-95CD4355DB08}"
EndProject
Global
	GlobalSection(SolutionConfigurationPlatforms) = preSolution
		Debug|Any CPU = Debug|Any CPU
		Release|Any CPU = Release|Any CPU
	EndGlobalSection
	GlobalSection(ProjectConfigurationPlatforms) = postSolution
		{B73BCB43-CA0D-44C2-AA1B-95CD4355DB08}.Debug|Any CPU.ActiveCfg = Debug|Any CPU
		{B73BCB43-CA0D-44C2-AA1B-95CD4355DB08}.Debug|Any CPU.Build.0 = Debug|Any CPU
		{B73BCB43-CA0D-44C2-AA1B-95CD4355DB08}.Release|Any CPU.ActiveCfg = Release|Any CPU
		{B73BCB43-CA0D-44C2-AA1B-95CD4355DB08}.Release|Any CPU.Build.0 = Release|Any CPU
	EndGlobalSection
	GlobalSection(SolutionProperties) = preSolution
		HideSolutionNode = FALSE
	EndGlobalSection
	GlobalSection(ExtensibilityGlobals) = postSolution
		SolutionGuid = {D8F37DAF-E03E-48E1-BDE3-594755BE9DEB}
	EndGlobalSection
EndGlobal
